
Microsoft Visual Studio Solution File, Format Version 12.00
# Visual Studio Version 17
VisualStudioVersion = 17.3.32929.385
MinimumVisualStudioVersion = 10.0.40219.1
Project("{FAE04EC0-301F-11D3-BF4B-00C04F79EFBC}") = "SwitchCase", "SwitchCase\SwitchCase.csproj", "{B88430F5-AD10-4760-9F31-68EFBBC47DD3}"
EndProject
Global
	GlobalSection(SolutionConfigurationPlatforms) = preSolution
		Debug|Any CPU = Debug|Any CPU
		Release|Any CPU = Release|Any CPU
	EndGlobalSection
	GlobalSection(ProjectConfigurationPlatforms) = postSolution
		{B88430F5-AD10-4760-9F31-68EFBBC47DD3}.Debug|Any CPU.ActiveCfg = Debug|Any CPU
		{B88430F5-AD10-4760-9F31-68EFBBC47DD3}.Debug|Any CPU.Build.0 = Debug|Any CPU
		{B88430F5-AD10-4760-9F31-68EFBBC47DD3}.Release|Any CPU.ActiveCfg = Release|Any CPU
		{B88430F5-AD10-4760-9F31-68EFBBC47DD3}.Release|Any CPU.Build.0 = Release|Any CPU
	EndGlobalSection
	GlobalSection(SolutionProperties) = preSolution
		HideSolutionNode = FALSE
	EndGlobalSection
	GlobalSection(ExtensibilityGlobals) = postSolution
		SolutionGuid = {EA3314FE-16C7-4E47-8587-C0BAAEA0F95C}
	EndGlobalSection
EndGlobal
